{
  "requires": true,
  "lockfileVersion": 1,
  "dependencies": {
    "@types/delay": {
      "version": "3.1.0",
      "resolved": "https://registry.npmjs.org/@types/delay/-/delay-3.1.0.tgz",
      "integrity": "sha512-Mt16D+JxuzA2iu5VTnGS1ziGoaSAD2SZJF4Os3rxUnMk7sBSOkdH43yxoZVxSEud6t1V1JScFBaZA8r6ByjYMw==",
      "dev": true,
      "requires": {
        "delay": "*"
      }
    },
    "delay": {
      "version": "5.0.0",
      "resolved": "https://registry.npmjs.org/delay/-/delay-5.0.0.tgz",
      "integrity": "sha512-ReEBKkIfe4ya47wlPYf/gu5ib6yUG0/Aez0JQZQz94kiWtRQvZIQbTiehsnwHvLSWJnQdhVeqYue7Id1dKr0qw=="
    }
  }
}
