{
  "name": "worker",
  "version": "1.0.0",
  "lockfileVersion": 2,
  "requires": true,
  "packages": {
    "": {
      "version": "1.0.0",
      "license": "ISC",
      "dependencies": {
        "redis": "^4.0.0"
      }
    },
    "node_modules/@node-redis/client": {
      "version": "1.0.0",
      "resolved": "https://registry.npmjs.org/@node-redis/client/-/client-1.0.0.tgz",
      "integrity": "sha512-DWDMeZELXG3rOGzCKfJEHCkCP6rgiA1H+oqj2N0NR4Q0fQUYMxTsyoqt80GpdYLilUW6zoCiQl9yL3vJhGhiCA==",
      "dependencies": {
        "cluster-key-slot": "1.1.0",
        "generic-pool": "3.8.2",
        "redis-parser": "3.0.0",
        "yallist": "4.0.0"
      },
      "engines": {
        "node": ">=12"
      }
    },
    "node_modules/@node-redis/json": {
      "version": "1.0.0",
      "resolved": "https://registry.npmjs.org/@node-redis/json/-/json-1.0.0.tgz",
      "integrity": "sha512-6e4qjbHODfr/KFsHYvkbfNui/kedVz+cG7Hz8oNbZM3p68QLf3A8FjcPYzixBp/QbvPeOSLgj39DjVEqjKkqkw==",
      "peerDependencies": {
        "@node-redis/client": "^1.0.0"
      }
    },
    "node_modules/@node-redis/search": {
      "version": "1.0.0",
      "resolved": "https://registry.npmjs.org/@node-redis/search/-/search-1.0.0.tgz",
      "integrity": "sha512-f0Cw83X5+bpDIDTNSpd3YA+ckV3kwSv/NfcKhHRPGDQXFqyMLO0Q+2t8EMQncvsMRWduURsR4nqMYGzXae1ZCA==",
      "peerDependencies": {
        "@node-redis/client": "^1.0.0"
      }
    },
    "node_modules/cluster-key-slot": {
      "version": "1.1.0",
      "resolved": "https://registry.npmjs.org/cluster-key-slot/-/cluster-key-slot-1.1.0.tgz",
      "integrity": "sha512-2Nii8p3RwAPiFwsnZvukotvow2rIHM+yQ6ZcBXGHdniadkYGZYiGmkHJIbZPIV9nfv7m/U1IPMVVcAhoWFeklw==",
      "engines": {
        "node": ">=0.10.0"
      }
    },
    "node_modules/generic-pool": {
      "version": "3.8.2",
      "resolved": "https://registry.npmjs.org/generic-pool/-/generic-pool-3.8.2.tgz",
      "integrity": "sha512-nGToKy6p3PAbYQ7p1UlWl6vSPwfwU6TMSWK7TTu+WUY4ZjyZQGniGGt2oNVvyNSpyZYSB43zMXVLcBm08MTMkg==",
      "engines": {
        "node": ">= 4"
      }
    },
    "node_modules/redis": {
      "version": "4.0.0",
      "resolved": "https://registry.npmjs.org/redis/-/redis-4.0.0.tgz",
      "integrity": "sha512-LtV6+h0F/e3F4mtDKKGZIl/ekEjsiqX2E0hmtNqjGqXj3wYi/nAfeVNWKRa7wFuJ+nkqwXATFGvu6h2fLCgA1A==",
      "dependencies": {
        "@node-redis/client": "^1.0.0",
        "@node-redis/json": "^1.0.0",
        "@node-redis/search": "^1.0.0"
      }
    },
    "node_modules/redis-errors": {
      "version": "1.2.0",
      "resolved": "https://registry.npmjs.org/redis-errors/-/redis-errors-1.2.0.tgz",
      "integrity": "sha1-62LSrbFeTq9GEMBK/hUpOEJQq60=",
      "engines": {
        "node": ">=4"
      }
    },
    "node_modules/redis-parser": {
      "version": "3.0.0",
      "resolved": "https://registry.npmjs.org/redis-parser/-/redis-parser-3.0.0.tgz",
      "integrity": "sha1-tm2CjNyv5rS4pCin3vTGvKwxyLQ=",
      "dependencies": {
        "redis-errors": "^1.0.0"
      },
      "engines": {
        "node": ">=4"
      }
    },
    "node_modules/yallist": {
      "version": "4.0.0",
      "resolved": "https://registry.npmjs.org/yallist/-/yallist-4.0.0.tgz",
      "integrity": "sha512-3wdGidZyq5PB084XLES5TpOSRA3wjXAlIWMhum2kRcv/41Sn2emQ0dycQW4uZXLejwKvg6EsvbdlVL+FYEct7A=="
    }
  },
  "dependencies": {
    "@node-redis/client": {
      "version": "1.0.0",
      "resolved": "https://registry.npmjs.org/@node-redis/client/-/client-1.0.0.tgz",
      "integrity": "sha512-DWDMeZELXG3rOGzCKfJEHCkCP6rgiA1H+oqj2N0NR4Q0fQUYMxTsyoqt80GpdYLilUW6zoCiQl9yL3vJhGhiCA==",
      "requires": {
        "cluster-key-slot": "1.1.0",
        "generic-pool": "3.8.2",
        "redis-parser": "3.0.0",
        "yallist": "4.0.0"
      }
    },
    "@node-redis/json": {
      "version": "1.0.0",
      "resolved": "https://registry.npmjs.org/@node-redis/json/-/json-1.0.0.tgz",
      "integrity": "sha512-6e4qjbHODfr/KFsHYvkbfNui/kedVz+cG7Hz8oNbZM3p68QLf3A8FjcPYzixBp/QbvPeOSLgj39DjVEqjKkqkw==",
      "requires": {}
    },
    "@node-redis/search": {
      "version": "1.0.0",
      "resolved": "https://registry.npmjs.org/@node-redis/search/-/search-1.0.0.tgz",
      "integrity": "sha512-f0Cw83X5+bpDIDTNSpd3YA+ckV3kwSv/NfcKhHRPGDQXFqyMLO0Q+2t8EMQncvsMRWduURsR4nqMYGzXae1ZCA==",
      "requires": {}
    },
    "cluster-key-slot": {
      "version": "1.1.0",
      "resolved": "https://registry.npmjs.org/cluster-key-slot/-/cluster-key-slot-1.1.0.tgz",
      "integrity": "sha512-2Nii8p3RwAPiFwsnZvukotvow2rIHM+yQ6ZcBXGHdniadkYGZYiGmkHJIbZPIV9nfv7m/U1IPMVVcAhoWFeklw=="
    },
    "generic-pool": {
      "version": "3.8.2",
      "resolved": "https://registry.npmjs.org/generic-pool/-/generic-pool-3.8.2.tgz",
      "integrity": "sha512-nGToKy6p3PAbYQ7p1UlWl6vSPwfwU6TMSWK7TTu+WUY4ZjyZQGniGGt2oNVvyNSpyZYSB43zMXVLcBm08MTMkg=="
    },
    "redis": {
      "version": "4.0.0",
      "resolved": "https://registry.npmjs.org/redis/-/redis-4.0.0.tgz",
      "integrity": "sha512-LtV6+h0F/e3F4mtDKKGZIl/ekEjsiqX2E0hmtNqjGqXj3wYi/nAfeVNWKRa7wFuJ+nkqwXATFGvu6h2fLCgA1A==",
      "requires": {
        "@node-redis/client": "^1.0.0",
        "@node-redis/json": "^1.0.0",
        "@node-redis/search": "^1.0.0"
      }
    },
    "redis-errors": {
      "version": "1.2.0",
      "resolved": "https://registry.npmjs.org/redis-errors/-/redis-errors-1.2.0.tgz",
      "integrity": "sha1-62LSrbFeTq9GEMBK/hUpOEJQq60="
    },
    "redis-parser": {
      "version": "3.0.0",
      "resolved": "https://registry.npmjs.org/redis-parser/-/redis-parser-3.0.0.tgz",
      "integrity": "sha1-tm2CjNyv5rS4pCin3vTGvKwxyLQ=",
      "requires": {
        "redis-errors": "^1.0.0"
      }
    },
    "yallist": {
      "version": "4.0.0",
      "resolved": "https://registry.npmjs.org/yallist/-/yallist-4.0.0.tgz",
      "integrity": "sha512-3wdGidZyq5PB084XLES5TpOSRA3wjXAlIWMhum2kRcv/41Sn2emQ0dycQW4uZXLejwKvg6EsvbdlVL+FYEct7A=="
    }
  }
}
